
Microsoft Visual Studio Solution File, Format Version 12.00
# Visual Studio Version 17
VisualStudioVersion = 17.13.35931.197 d17.13
MinimumVisualStudioVersion = 10.0.40219.1
Project("{FAE04EC0-301F-11D3-BF4B-00C04F79EFBC}") = "Lab Final Project", "Lab Final Project\Lab Final Project.csproj", "{4E0E7E95-424F-4608-BD4E-7BF135D88C1C}"
EndProject
Global
	GlobalSection(SolutionConfigurationPlatforms) = preSolution
		Debug|Any CPU = Debug|Any CPU
		Release|Any CPU = Release|Any CPU
	EndGlobalSection
	GlobalSection(ProjectConfigurationPlatforms) = postSolution
		{4E0E7E95-424F-4608-BD4E-7BF135D88C1C}.Debug|Any CPU.ActiveCfg = Debug|Any CPU
		{4E0E7E95-424F-4608-BD4E-7BF135D88C1C}.Debug|Any CPU.Build.0 = Debug|Any CPU
		{4E0E7E95-424F-4608-BD4E-7BF135D88C1C}.Release|Any CPU.ActiveCfg = Release|Any CPU
		{4E0E7E95-424F-4608-BD4E-7BF135D88C1C}.Release|Any CPU.Build.0 = Release|Any CPU
	EndGlobalSection
	GlobalSection(SolutionProperties) = preSolution
		HideSolutionNode = FALSE
	EndGlobalSection
	GlobalSection(ExtensibilityGlobals) = postSolution
		SolutionGuid = {C2F902C6-3A52-414A-9141-27A1389CCD4B}
	EndGlobalSection
EndGlobal
